
Microsoft Visual Studio Solution File, Format Version 12.00
# Visual Studio 15
VisualStudioVersion = 15.0.26124.0
MinimumVisualStudioVersion = 15.0.26124.0
Project("{2150E333-8FDC-42A3-9474-1A3956D46DE8}") = "src", "src", "{8CA9B655-4EAA-44CF-9337-72BF06BC51CE}"
EndProject
Project("{FAE04EC0-301F-11D3-BF4B-00C04F79EFBC}") = "GoodCode.Core", "src\GoodCode.Core\GoodCode.Core.csproj", "{D8185F89-7C36-4A1F-96D5-AD86AB57CF0F}"
EndProject
Project("{FAE04EC0-301F-11D3-BF4B-00C04F79EFBC}") = "GoodCode.Infrastructure", "src\GoodCode.Infrastructure\GoodCode.Infrastructure.csproj", "{0DBAAD04-EB88-486E-A832-F9A7C869491E}"
EndProject
Project("{FAE04EC0-301F-11D3-BF4B-00C04F79EFBC}") = "GoodCode.API", "src\GoodCode.API\GoodCode.API.csproj", "{D9CE99D4-9004-4F2F-8587-BA036F987162}"
EndProject
Project("{FAE04EC0-301F-11D3-BF4B-00C04F79EFBC}") = "GoodCode.SPA", "src\GoodCode.SPA\GoodCode.SPA.csproj", "{7A8B19C0-D9E3-4A3D-89DF-A857618F5523}"
EndProject
Project("{2150E333-8FDC-42A3-9474-1A3956D46DE8}") = "test", "test", "{4E342B85-DC7B-4C76-952E-E894F189C045}"
EndProject
Project("{FAE04EC0-301F-11D3-BF4B-00C04F79EFBC}") = "IntegrationTests", "test\IntegrationTests\IntegrationTests.csproj", "{15F2320E-690E-4702-A618-82991B749C9B}"
EndProject
Project("{FAE04EC0-301F-11D3-BF4B-00C04F79EFBC}") = "UnitTests", "test\UnitTests\UnitTests.csproj", "{5417C837-7DBA-43AF-9598-BAF2ED93EB8C}"
EndProject
Global
	GlobalSection(SolutionConfigurationPlatforms) = preSolution
		Debug|Any CPU = Debug|Any CPU
		Debug|x64 = Debug|x64
		Debug|x86 = Debug|x86
		Release|Any CPU = Release|Any CPU
		Release|x64 = Release|x64
		Release|x86 = Release|x86
	EndGlobalSection
	GlobalSection(SolutionProperties) = preSolution
		HideSolutionNode = FALSE
	EndGlobalSection
	GlobalSection(ProjectConfigurationPlatforms) = postSolution
		{D8185F89-7C36-4A1F-96D5-AD86AB57CF0F}.Debug|Any CPU.ActiveCfg = Debug|Any CPU
		{D8185F89-7C36-4A1F-96D5-AD86AB57CF0F}.Debug|Any CPU.Build.0 = Debug|Any CPU
		{D8185F89-7C36-4A1F-96D5-AD86AB57CF0F}.Debug|x64.ActiveCfg = Debug|Any CPU
		{D8185F89-7C36-4A1F-96D5-AD86AB57CF0F}.Debug|x64.Build.0 = Debug|Any CPU
		{D8185F89-7C36-4A1F-96D5-AD86AB57CF0F}.Debug|x86.ActiveCfg = Debug|Any CPU
		{D8185F89-7C36-4A1F-96D5-AD86AB57CF0F}.Debug|x86.Build.0 = Debug|Any CPU
		{D8185F89-7C36-4A1F-96D5-AD86AB57CF0F}.Release|Any CPU.ActiveCfg = Release|Any CPU
		{D8185F89-7C36-4A1F-96D5-AD86AB57CF0F}.Release|Any CPU.Build.0 = Release|Any CPU
		{D8185F89-7C36-4A1F-96D5-AD86AB57CF0F}.Release|x64.ActiveCfg = Release|Any CPU
		{D8185F89-7C36-4A1F-96D5-AD86AB57CF0F}.Release|x64.Build.0 = Release|Any CPU
		{D8185F89-7C36-4A1F-96D5-AD86AB57CF0F}.Release|x86.ActiveCfg = Release|Any CPU
		{D8185F89-7C36-4A1F-96D5-AD86AB57CF0F}.Release|x86.Build.0 = Release|Any CPU
		{0DBAAD04-EB88-486E-A832-F9A7C869491E}.Debug|Any CPU.ActiveCfg = Debug|Any CPU
		{0DBAAD04-EB88-486E-A832-F9A7C869491E}.Debug|Any CPU.Build.0 = Debug|Any CPU
		{0DBAAD04-EB88-486E-A832-F9A7C869491E}.Debug|x64.ActiveCfg = Debug|Any CPU
		{0DBAAD04-EB88-486E-A832-F9A7C869491E}.Debug|x64.Build.0 = Debug|Any CPU
		{0DBAAD04-EB88-486E-A832-F9A7C869491E}.Debug|x86.ActiveCfg = Debug|Any CPU
		{0DBAAD04-EB88-486E-A832-F9A7C869491E}.Debug|x86.Build.0 = Debug|Any CPU
		{0DBAAD04-EB88-486E-A832-F9A7C869491E}.Release|Any CPU.ActiveCfg = Release|Any CPU
		{0DBAAD04-EB88-486E-A832-F9A7C869491E}.Release|Any CPU.Build.0 = Release|Any CPU
		{0DBAAD04-EB88-486E-A832-F9A7C869491E}.Release|x64.ActiveCfg = Release|Any CPU
		{0DBAAD04-EB88-486E-A832-F9A7C869491E}.Release|x64.Build.0 = Release|Any CPU
		{0DBAAD04-EB88-486E-A832-F9A7C869491E}.Release|x86.ActiveCfg = Release|Any CPU
		{0DBAAD04-EB88-486E-A832-F9A7C869491E}.Release|x86.Build.0 = Release|Any CPU
		{D9CE99D4-9004-4F2F-8587-BA036F987162}.Debug|Any CPU.ActiveCfg = Debug|Any CPU
		{D9CE99D4-9004-4F2F-8587-BA036F987162}.Debug|Any CPU.Build.0 = Debug|Any CPU
		{D9CE99D4-9004-4F2F-8587-BA036F987162}.Debug|x64.ActiveCfg = Debug|Any CPU
		{D9CE99D4-9004-4F2F-8587-BA036F987162}.Debug|x64.Build.0 = Debug|Any CPU
		{D9CE99D4-9004-4F2F-8587-BA036F987162}.Debug|x86.ActiveCfg = Debug|Any CPU
		{D9CE99D4-9004-4F2F-8587-BA036F987162}.Debug|x86.Build.0 = Debug|Any CPU
		{D9CE99D4-9004-4F2F-8587-BA036F987162}.Release|Any CPU.ActiveCfg = Release|Any CPU
		{D9CE99D4-9004-4F2F-8587-BA036F987162}.Release|Any CPU.Build.0 = Release|Any CPU
		{D9CE99D4-9004-4F2F-8587-BA036F987162}.Release|x64.ActiveCfg = Release|Any CPU
		{D9CE99D4-9004-4F2F-8587-BA036F987162}.Release|x64.Build.0 = Release|Any CPU
		{D9CE99D4-9004-4F2F-8587-BA036F987162}.Release|x86.ActiveCfg = Release|Any CPU
		{D9CE99D4-9004-4F2F-8587-BA036F987162}.Release|x86.Build.0 = Release|Any CPU
		{7A8B19C0-D9E3-4A3D-89DF-A857618F5523}.Debug|Any CPU.ActiveCfg = Debug|Any CPU
		{7A8B19C0-D9E3-4A3D-89DF-A857618F5523}.Debug|Any CPU.Build.0 = Debug|Any CPU
		{7A8B19C0-D9E3-4A3D-89DF-A857618F5523}.Debug|x64.ActiveCfg = Debug|Any CPU
		{7A8B19C0-D9E3-4A3D-89DF-A857618F5523}.Debug|x64.Build.0 = Debug|Any CPU
		{7A8B19C0-D9E3-4A3D-89DF-A857618F5523}.Debug|x86.ActiveCfg = Debug|Any CPU
		{7A8B19C0-D9E3-4A3D-89DF-A857618F5523}.Debug|x86.Build.0 = Debug|Any CPU
		{7A8B19C0-D9E3-4A3D-89DF-A857618F5523}.Release|Any CPU.ActiveCfg = Release|Any CPU
		{7A8B19C0-D9E3-4A3D-89DF-A857618F5523}.Release|Any CPU.Build.0 = Release|Any CPU
		{7A8B19C0-D9E3-4A3D-89DF-A857618F5523}.Release|x64.ActiveCfg = Release|Any CPU
		{7A8B19C0-D9E3-4A3D-89DF-A857618F5523}.Release|x64.Build.0 = Release|Any CPU
		{7A8B19C0-D9E3-4A3D-89DF-A857618F5523}.Release|x86.ActiveCfg = Release|Any CPU
		{7A8B19C0-D9E3-4A3D-89DF-A857618F5523}.Release|x86.Build.0 = Release|Any CPU
		{15F2320E-690E-4702-A618-82991B749C9B}.Debug|Any CPU.ActiveCfg = Debug|Any CPU
		{15F2320E-690E-4702-A618-82991B749C9B}.Debug|Any CPU.Build.0 = Debug|Any CPU
		{15F2320E-690E-4702-A618-82991B749C9B}.Debug|x64.ActiveCfg = Debug|Any CPU
		{15F2320E-690E-4702-A618-82991B749C9B}.Debug|x64.Build.0 = Debug|Any CPU
		{15F2320E-690E-4702-A618-82991B749C9B}.Debug|x86.ActiveCfg = Debug|Any CPU
		{15F2320E-690E-4702-A618-82991B749C9B}.Debug|x86.Build.0 = Debug|Any CPU
		{15F2320E-690E-4702-A618-82991B749C9B}.Release|Any CPU.ActiveCfg = Release|Any CPU
		{15F2320E-690E-4702-A618-82991B749C9B}.Release|Any CPU.Build.0 = Release|Any CPU
		{15F2320E-690E-4702-A618-82991B749C9B}.Release|x64.ActiveCfg = Release|Any CPU
		{15F2320E-690E-4702-A618-82991B749C9B}.Release|x64.Build.0 = Release|Any CPU
		{15F2320E-690E-4702-A618-82991B749C9B}.Release|x86.ActiveCfg = Release|Any CPU
		{15F2320E-690E-4702-A618-82991B749C9B}.Release|x86.Build.0 = Release|Any CPU
		{5417C837-7DBA-43AF-9598-BAF2ED93EB8C}.Debug|Any CPU.ActiveCfg = Debug|Any CPU
		{5417C837-7DBA-43AF-9598-BAF2ED93EB8C}.Debug|Any CPU.Build.0 = Debug|Any CPU
		{5417C837-7DBA-43AF-9598-BAF2ED93EB8C}.Debug|x64.ActiveCfg = Debug|Any CPU
		{5417C837-7DBA-43AF-9598-BAF2ED93EB8C}.Debug|x64.Build.0 = Debug|Any CPU
		{5417C837-7DBA-43AF-9598-BAF2ED93EB8C}.Debug|x86.ActiveCfg = Debug|Any CPU
		{5417C837-7DBA-43AF-9598-BAF2ED93EB8C}.Debug|x86.Build.0 = Debug|Any CPU
		{5417C837-7DBA-43AF-9598-BAF2ED93EB8C}.Release|Any CPU.ActiveCfg = Release|Any CPU
		{5417C837-7DBA-43AF-9598-BAF2ED93EB8C}.Release|Any CPU.Build.0 = Release|Any CPU
		{5417C837-7DBA-43AF-9598-BAF2ED93EB8C}.Release|x64.ActiveCfg = Release|Any CPU
		{5417C837-7DBA-43AF-9598-BAF2ED93EB8C}.Release|x64.Build.0 = Release|Any CPU
		{5417C837-7DBA-43AF-9598-BAF2ED93EB8C}.Release|x86.ActiveCfg = Release|Any CPU
		{5417C837-7DBA-43AF-9598-BAF2ED93EB8C}.Release|x86.Build.0 = Release|Any CPU
	EndGlobalSection
	GlobalSection(NestedProjects) = preSolution
		{D8185F89-7C36-4A1F-96D5-AD86AB57CF0F} = {8CA9B655-4EAA-44CF-9337-72BF06BC51CE}
		{0DBAAD04-EB88-486E-A832-F9A7C869491E} = {8CA9B655-4EAA-44CF-9337-72BF06BC51CE}
		{D9CE99D4-9004-4F2F-8587-BA036F987162} = {8CA9B655-4EAA-44CF-9337-72BF06BC51CE}
		{7A8B19C0-D9E3-4A3D-89DF-A857618F5523} = {8CA9B655-4EAA-44CF-9337-72BF06BC51CE}
		{15F2320E-690E-4702-A618-82991B749C9B} = {4E342B85-DC7B-4C76-952E-E894F189C045}
		{5417C837-7DBA-43AF-9598-BAF2ED93EB8C} = {4E342B85-DC7B-4C76-952E-E894F189C045}
	EndGlobalSection
EndGlobal
